
Microsoft Visual Studio Solution File, Format Version 12.00
# Visual Studio Version 17
VisualStudioVersion = 17.4.33213.308
MinimumVisualStudioVersion = 10.0.40219.1
Project("{FAE04EC0-301F-11D3-BF4B-00C04F79EFBC}") = "TicTacToe", "TicTacToe\TicTacToe.csproj", "{CCF23E91-AC0E-49F5-870F-9C596D20662A}"
EndProject
Global
	GlobalSection(SolutionConfigurationPlatforms) = preSolution
		Debug|Any CPU = Debug|Any CPU
		Release|Any CPU = Release|Any CPU
	EndGlobalSection
	GlobalSection(ProjectConfigurationPlatforms) = postSolution
		{CCF23E91-AC0E-49F5-870F-9C596D20662A}.Debug|Any CPU.ActiveCfg = Debug|Any CPU
		{CCF23E91-AC0E-49F5-870F-9C596D20662A}.Debug|Any CPU.Build.0 = Debug|Any CPU
		{CCF23E91-AC0E-49F5-870F-9C596D20662A}.Release|Any CPU.ActiveCfg = Release|Any CPU
		{CCF23E91-AC0E-49F5-870F-9C596D20662A}.Release|Any CPU.Build.0 = Release|Any CPU
	EndGlobalSection
	GlobalSection(SolutionProperties) = preSolution
		HideSolutionNode = FALSE
	EndGlobalSection
	GlobalSection(ExtensibilityGlobals) = postSolution
		SolutionGuid = {60AE3FF3-5964-4987-9435-967C71695C7C}
	EndGlobalSection
EndGlobal
